
Microsoft Visual Studio Solution File, Format Version 12.00
# Visual Studio Version 16
VisualStudioVersion = 16.0.31605.320
MinimumVisualStudioVersion = 10.0.40219.1
Project("{FAE04EC0-301F-11D3-BF4B-00C04F79EFBC}") = "Robot.API", "Robot.API\Robot.API.csproj", "{6FAD76D5-88FA-41F5-BB5D-57415CEB8C55}"
EndProject
Project("{FAE04EC0-301F-11D3-BF4B-00C04F79EFBC}") = "Robot.Application", "Robot.Application\Robot.Application.csproj", "{275A748F-1EA2-4B14-B4A0-63D3FCF5147D}"
EndProject
Project("{FAE04EC0-301F-11D3-BF4B-00C04F79EFBC}") = "Robot.Core", "Robot.Core\Robot.Core.csproj", "{7D38F8CC-EE65-47FE-9EF4-94790F7DACF4}"
EndProject
Project("{FAE04EC0-301F-11D3-BF4B-00C04F79EFBC}") = "Robot.Infrastructure", "Robot.Infrastructure\Robot.Infrastructure.csproj", "{FE8E1C4C-7C2D-410F-9121-D3719EF68D50}"
EndProject
Global
	GlobalSection(SolutionConfigurationPlatforms) = preSolution
		Debug|Any CPU = Debug|Any CPU
		Release|Any CPU = Release|Any CPU
	EndGlobalSection
	GlobalSection(ProjectConfigurationPlatforms) = postSolution
		{6FAD76D5-88FA-41F5-BB5D-57415CEB8C55}.Debug|Any CPU.ActiveCfg = Debug|Any CPU
		{6FAD76D5-88FA-41F5-BB5D-57415CEB8C55}.Debug|Any CPU.Build.0 = Debug|Any CPU
		{6FAD76D5-88FA-41F5-BB5D-57415CEB8C55}.Release|Any CPU.ActiveCfg = Release|Any CPU
		{6FAD76D5-88FA-41F5-BB5D-57415CEB8C55}.Release|Any CPU.Build.0 = Release|Any CPU
		{275A748F-1EA2-4B14-B4A0-63D3FCF5147D}.Debug|Any CPU.ActiveCfg = Debug|Any CPU
		{275A748F-1EA2-4B14-B4A0-63D3FCF5147D}.Debug|Any CPU.Build.0 = Debug|Any CPU
		{275A748F-1EA2-4B14-B4A0-63D3FCF5147D}.Release|Any CPU.ActiveCfg = Release|Any CPU
		{275A748F-1EA2-4B14-B4A0-63D3FCF5147D}.Release|Any CPU.Build.0 = Release|Any CPU
		{7D38F8CC-EE65-47FE-9EF4-94790F7DACF4}.Debug|Any CPU.ActiveCfg = Debug|Any CPU
		{7D38F8CC-EE65-47FE-9EF4-94790F7DACF4}.Debug|Any CPU.Build.0 = Debug|Any CPU
		{7D38F8CC-EE65-47FE-9EF4-94790F7DACF4}.Release|Any CPU.ActiveCfg = Release|Any CPU
		{7D38F8CC-EE65-47FE-9EF4-94790F7DACF4}.Release|Any CPU.Build.0 = Release|Any CPU
		{FE8E1C4C-7C2D-410F-9121-D3719EF68D50}.Debug|Any CPU.ActiveCfg = Debug|Any CPU
		{FE8E1C4C-7C2D-410F-9121-D3719EF68D50}.Debug|Any CPU.Build.0 = Debug|Any CPU
		{FE8E1C4C-7C2D-410F-9121-D3719EF68D50}.Release|Any CPU.ActiveCfg = Release|Any CPU
		{FE8E1C4C-7C2D-410F-9121-D3719EF68D50}.Release|Any CPU.Build.0 = Release|Any CPU
	EndGlobalSection
	GlobalSection(SolutionProperties) = preSolution
		HideSolutionNode = FALSE
	EndGlobalSection
	GlobalSection(ExtensibilityGlobals) = postSolution
		SolutionGuid = {D515ED72-3AF1-46E1-B851-4FD96BDC8876}
	EndGlobalSection
EndGlobal
